
Microsoft Visual Studio Solution File, Format Version 12.00
# Visual Studio 2013
VisualStudioVersion = 12.0.31101.0
MinimumVisualStudioVersion = 10.0.40219.1
Project("{FAE04EC0-301F-11D3-BF4B-00C04F79EFBC}") = "ExceptionHandler", "ExceptionHandler.csproj", "{D33F5C7E-5654-4253-A4C1-9BA98DB381E1}"
EndProject
Project("{FAE04EC0-301F-11D3-BF4B-00C04F79EFBC}") = "TesteExceptionHandler", "..\TesteExceptionHandler\TesteExceptionHandler.csproj", "{BD40DD33-F8BE-4439-B335-2E2E14A371D4}"
EndProject
Global
	GlobalSection(SolutionConfigurationPlatforms) = preSolution
		Debug|Any CPU = Debug|Any CPU
		Release|Any CPU = Release|Any CPU
	EndGlobalSection
	GlobalSection(ProjectConfigurationPlatforms) = postSolution
		{D33F5C7E-5654-4253-A4C1-9BA98DB381E1}.Debug|Any CPU.ActiveCfg = Debug|Any CPU
		{D33F5C7E-5654-4253-A4C1-9BA98DB381E1}.Debug|Any CPU.Build.0 = Debug|Any CPU
		{D33F5C7E-5654-4253-A4C1-9BA98DB381E1}.Release|Any CPU.ActiveCfg = Release|Any CPU
		{D33F5C7E-5654-4253-A4C1-9BA98DB381E1}.Release|Any CPU.Build.0 = Release|Any CPU
		{BD40DD33-F8BE-4439-B335-2E2E14A371D4}.Debug|Any CPU.ActiveCfg = Debug|Any CPU
		{BD40DD33-F8BE-4439-B335-2E2E14A371D4}.Debug|Any CPU.Build.0 = Debug|Any CPU
		{BD40DD33-F8BE-4439-B335-2E2E14A371D4}.Release|Any CPU.ActiveCfg = Release|Any CPU
		{BD40DD33-F8BE-4439-B335-2E2E14A371D4}.Release|Any CPU.Build.0 = Release|Any CPU
	EndGlobalSection
	GlobalSection(SolutionProperties) = preSolution
		HideSolutionNode = FALSE
	EndGlobalSection
EndGlobal
